
Microsoft Visual Studio Solution File, Format Version 12.00
# Visual Studio 15
Project("{FAE04EC0-301F-11D3-BF4B-00C04F79EFBC}") = "CLI", "CLI\CLI.csproj", "{FADB5642-EA9E-4C00-BBC9-1303EB1221B7}"
EndProject
Project("{FAE04EC0-301F-11D3-BF4B-00C04F79EFBC}") = "Frontend", "Frontend\Frontend.csproj", "{10E0F23E-C49E-4BAC-95D3-0073FC079C67}"
EndProject
Project("{FAE04EC0-301F-11D3-BF4B-00C04F79EFBC}") = "LatteAntlr", "LatteAntlr\LatteAntlr.csproj", "{A4A1D9FA-6689-4869-B68C-729C3081AAE7}"
EndProject
Project("{FAE04EC0-301F-11D3-BF4B-00C04F79EFBC}") = "LatteTypeChecker", "LatteTypeChecker\LatteTypeChecker.csproj", "{BEF6D4E6-4745-4140-B4AA-919B7A05DDCE}"
EndProject
Project("{FAE04EC0-301F-11D3-BF4B-00C04F79EFBC}") = "LatteBase", "LatteBase\LatteBase.csproj", "{72B0740B-4914-45F7-9A77-058CEDE43ACC}"
EndProject
Project("{FAE04EC0-301F-11D3-BF4B-00C04F79EFBC}") = "LatteTypeChecker.Tests", "LatteTypeChecker.Tests\LatteTypeChecker.Tests.csproj", "{BAEB8708-254F-4AC8-89B8-4A61714B4401}"
EndProject
Project("{FAE04EC0-301F-11D3-BF4B-00C04F79EFBC}") = "LatteTreeOptimizer", "LatteTreeOptimizer\LatteTreeOptimizer.csproj", "{70A0FEA2-5E7E-4EEF-AC43-B34B80775E03}"
EndProject
Project("{FAE04EC0-301F-11D3-BF4B-00C04F79EFBC}") = "QuadruplesCommon", "QuadruplesCommon\QuadruplesCommon.csproj", "{2ACAF98E-A6CC-4E55-BE0E-0B0BCE19309D}"
EndProject
Project("{FAE04EC0-301F-11D3-BF4B-00C04F79EFBC}") = "QuadruplesGenerator", "QuadruplesGenerator\QuadruplesGenerator.csproj", "{D60B2E15-165F-4489-AEE9-AB24DCFA0EF1}"
EndProject
Project("{FAE04EC0-301F-11D3-BF4B-00C04F79EFBC}") = "QuadruplesGenerator.Tests", "QuadruplesGenerator.Tests\QuadruplesGenerator.Tests.csproj", "{A943F07B-277F-4514-9A2F-5E87E4A2755E}"
EndProject
Project("{FAE04EC0-301F-11D3-BF4B-00C04F79EFBC}") = "Backend", "Backend\Backend.csproj", "{D72B5AE7-6FAF-44C6-BDC3-1BF94488394A}"
EndProject
Project("{FAE04EC0-301F-11D3-BF4B-00C04F79EFBC}") = "X86Generator", "X86Generator\X86Generator.csproj", "{66036B17-D9C1-4FB0-BD55-487764C59D24}"
EndProject
Project("{FAE04EC0-301F-11D3-BF4B-00C04F79EFBC}") = "Utils", "Utils\Utils.csproj", "{3109DBB3-92F9-470C-A9E5-44BE409C7687}"
EndProject
Project("{FAE04EC0-301F-11D3-BF4B-00C04F79EFBC}") = "X86Assembly", "X86Assembly\X86Assembly.csproj", "{E8D451E6-C26D-4940-92C8-A80468E69D55}"
EndProject
Project("{FAE04EC0-301F-11D3-BF4B-00C04F79EFBC}") = "X86IntelAsm", "X86IntelAsm\X86IntelAsm.csproj", "{D9D31555-C264-4BFA-8CE5-73A00FA1EA7F}"
EndProject
Project("{FAE04EC0-301F-11D3-BF4B-00C04F79EFBC}") = "TestPrograms", "TestPrograms\TestPrograms.csproj", "{37AB0326-2B41-4459-AB37-C491C81C1CAF}"
EndProject
Project("{FAE04EC0-301F-11D3-BF4B-00C04F79EFBC}") = "Backend.Tests", "Backend.Tests\Backend.Tests.csproj", "{E22B042F-51DA-4455-8429-352E43C29C34}"
EndProject
Project("{FAE04EC0-301F-11D3-BF4B-00C04F79EFBC}") = "LatteTreeProcessor", "LatteTreeProcessor\LatteTreeProcessor.csproj", "{0823649D-52C6-49C0-994B-06327398FC7B}"
EndProject
Project("{FAE04EC0-301F-11D3-BF4B-00C04F79EFBC}") = "Common", "Common\Common.csproj", "{1BDE038E-6D2E-4D4A-BB9D-3D021467B666}"
EndProject
Project("{FAE04EC0-301F-11D3-BF4B-00C04F79EFBC}") = "X86Optimizer", "X86Optimizer\X86Optimizer.csproj", "{DC3DB407-ACAD-495D-85D8-9F8B57647772}"
EndProject
Project("{FAE04EC0-301F-11D3-BF4B-00C04F79EFBC}") = "Arm64Assembly", "Arm64Assembly\Arm64Assembly.csproj", "{4C541CAE-25B0-4970-B59E-2089DBF0D0D6}"
EndProject
Global
	GlobalSection(SolutionConfigurationPlatforms) = preSolution
		Debug|Any CPU = Debug|Any CPU
		Release|Any CPU = Release|Any CPU
	EndGlobalSection
	GlobalSection(ProjectConfigurationPlatforms) = postSolution
		{FADB5642-EA9E-4C00-BBC9-1303EB1221B7}.Debug|Any CPU.ActiveCfg = Debug|Any CPU
		{FADB5642-EA9E-4C00-BBC9-1303EB1221B7}.Debug|Any CPU.Build.0 = Debug|Any CPU
		{FADB5642-EA9E-4C00-BBC9-1303EB1221B7}.Release|Any CPU.ActiveCfg = Release|Any CPU
		{FADB5642-EA9E-4C00-BBC9-1303EB1221B7}.Release|Any CPU.Build.0 = Release|Any CPU
		{10E0F23E-C49E-4BAC-95D3-0073FC079C67}.Debug|Any CPU.ActiveCfg = Debug|Any CPU
		{10E0F23E-C49E-4BAC-95D3-0073FC079C67}.Debug|Any CPU.Build.0 = Debug|Any CPU
		{10E0F23E-C49E-4BAC-95D3-0073FC079C67}.Release|Any CPU.ActiveCfg = Release|Any CPU
		{10E0F23E-C49E-4BAC-95D3-0073FC079C67}.Release|Any CPU.Build.0 = Release|Any CPU
		{A4A1D9FA-6689-4869-B68C-729C3081AAE7}.Debug|Any CPU.ActiveCfg = Debug|Any CPU
		{A4A1D9FA-6689-4869-B68C-729C3081AAE7}.Debug|Any CPU.Build.0 = Debug|Any CPU
		{A4A1D9FA-6689-4869-B68C-729C3081AAE7}.Release|Any CPU.ActiveCfg = Release|Any CPU
		{A4A1D9FA-6689-4869-B68C-729C3081AAE7}.Release|Any CPU.Build.0 = Release|Any CPU
		{BEF6D4E6-4745-4140-B4AA-919B7A05DDCE}.Debug|Any CPU.ActiveCfg = Debug|Any CPU
		{BEF6D4E6-4745-4140-B4AA-919B7A05DDCE}.Debug|Any CPU.Build.0 = Debug|Any CPU
		{BEF6D4E6-4745-4140-B4AA-919B7A05DDCE}.Release|Any CPU.ActiveCfg = Release|Any CPU
		{BEF6D4E6-4745-4140-B4AA-919B7A05DDCE}.Release|Any CPU.Build.0 = Release|Any CPU
		{72B0740B-4914-45F7-9A77-058CEDE43ACC}.Debug|Any CPU.ActiveCfg = Debug|Any CPU
		{72B0740B-4914-45F7-9A77-058CEDE43ACC}.Debug|Any CPU.Build.0 = Debug|Any CPU
		{72B0740B-4914-45F7-9A77-058CEDE43ACC}.Release|Any CPU.ActiveCfg = Release|Any CPU
		{72B0740B-4914-45F7-9A77-058CEDE43ACC}.Release|Any CPU.Build.0 = Release|Any CPU
		{BAEB8708-254F-4AC8-89B8-4A61714B4401}.Debug|Any CPU.ActiveCfg = Debug|Any CPU
		{BAEB8708-254F-4AC8-89B8-4A61714B4401}.Debug|Any CPU.Build.0 = Debug|Any CPU
		{BAEB8708-254F-4AC8-89B8-4A61714B4401}.Release|Any CPU.ActiveCfg = Release|Any CPU
		{BAEB8708-254F-4AC8-89B8-4A61714B4401}.Release|Any CPU.Build.0 = Release|Any CPU
		{70A0FEA2-5E7E-4EEF-AC43-B34B80775E03}.Debug|Any CPU.ActiveCfg = Debug|Any CPU
		{70A0FEA2-5E7E-4EEF-AC43-B34B80775E03}.Debug|Any CPU.Build.0 = Debug|Any CPU
		{70A0FEA2-5E7E-4EEF-AC43-B34B80775E03}.Release|Any CPU.ActiveCfg = Release|Any CPU
		{70A0FEA2-5E7E-4EEF-AC43-B34B80775E03}.Release|Any CPU.Build.0 = Release|Any CPU
		{2ACAF98E-A6CC-4E55-BE0E-0B0BCE19309D}.Debug|Any CPU.ActiveCfg = Debug|Any CPU
		{2ACAF98E-A6CC-4E55-BE0E-0B0BCE19309D}.Debug|Any CPU.Build.0 = Debug|Any CPU
		{2ACAF98E-A6CC-4E55-BE0E-0B0BCE19309D}.Release|Any CPU.ActiveCfg = Release|Any CPU
		{2ACAF98E-A6CC-4E55-BE0E-0B0BCE19309D}.Release|Any CPU.Build.0 = Release|Any CPU
		{D60B2E15-165F-4489-AEE9-AB24DCFA0EF1}.Debug|Any CPU.ActiveCfg = Debug|Any CPU
		{D60B2E15-165F-4489-AEE9-AB24DCFA0EF1}.Debug|Any CPU.Build.0 = Debug|Any CPU
		{D60B2E15-165F-4489-AEE9-AB24DCFA0EF1}.Release|Any CPU.ActiveCfg = Release|Any CPU
		{D60B2E15-165F-4489-AEE9-AB24DCFA0EF1}.Release|Any CPU.Build.0 = Release|Any CPU
		{A943F07B-277F-4514-9A2F-5E87E4A2755E}.Debug|Any CPU.ActiveCfg = Debug|Any CPU
		{A943F07B-277F-4514-9A2F-5E87E4A2755E}.Debug|Any CPU.Build.0 = Debug|Any CPU
		{A943F07B-277F-4514-9A2F-5E87E4A2755E}.Release|Any CPU.ActiveCfg = Release|Any CPU
		{A943F07B-277F-4514-9A2F-5E87E4A2755E}.Release|Any CPU.Build.0 = Release|Any CPU
		{D72B5AE7-6FAF-44C6-BDC3-1BF94488394A}.Debug|Any CPU.ActiveCfg = Debug|Any CPU
		{D72B5AE7-6FAF-44C6-BDC3-1BF94488394A}.Debug|Any CPU.Build.0 = Debug|Any CPU
		{D72B5AE7-6FAF-44C6-BDC3-1BF94488394A}.Release|Any CPU.ActiveCfg = Release|Any CPU
		{D72B5AE7-6FAF-44C6-BDC3-1BF94488394A}.Release|Any CPU.Build.0 = Release|Any CPU
		{66036B17-D9C1-4FB0-BD55-487764C59D24}.Debug|Any CPU.ActiveCfg = Debug|Any CPU
		{66036B17-D9C1-4FB0-BD55-487764C59D24}.Debug|Any CPU.Build.0 = Debug|Any CPU
		{66036B17-D9C1-4FB0-BD55-487764C59D24}.Release|Any CPU.ActiveCfg = Release|Any CPU
		{66036B17-D9C1-4FB0-BD55-487764C59D24}.Release|Any CPU.Build.0 = Release|Any CPU
		{3109DBB3-92F9-470C-A9E5-44BE409C7687}.Debug|Any CPU.ActiveCfg = Debug|Any CPU
		{3109DBB3-92F9-470C-A9E5-44BE409C7687}.Debug|Any CPU.Build.0 = Debug|Any CPU
		{3109DBB3-92F9-470C-A9E5-44BE409C7687}.Release|Any CPU.ActiveCfg = Release|Any CPU
		{3109DBB3-92F9-470C-A9E5-44BE409C7687}.Release|Any CPU.Build.0 = Release|Any CPU
		{E8D451E6-C26D-4940-92C8-A80468E69D55}.Debug|Any CPU.ActiveCfg = Debug|Any CPU
		{E8D451E6-C26D-4940-92C8-A80468E69D55}.Debug|Any CPU.Build.0 = Debug|Any CPU
		{E8D451E6-C26D-4940-92C8-A80468E69D55}.Release|Any CPU.ActiveCfg = Release|Any CPU
		{E8D451E6-C26D-4940-92C8-A80468E69D55}.Release|Any CPU.Build.0 = Release|Any CPU
		{D9D31555-C264-4BFA-8CE5-73A00FA1EA7F}.Debug|Any CPU.ActiveCfg = Debug|Any CPU
		{D9D31555-C264-4BFA-8CE5-73A00FA1EA7F}.Debug|Any CPU.Build.0 = Debug|Any CPU
		{D9D31555-C264-4BFA-8CE5-73A00FA1EA7F}.Release|Any CPU.ActiveCfg = Release|Any CPU
		{D9D31555-C264-4BFA-8CE5-73A00FA1EA7F}.Release|Any CPU.Build.0 = Release|Any CPU
		{37AB0326-2B41-4459-AB37-C491C81C1CAF}.Debug|Any CPU.ActiveCfg = Debug|Any CPU
		{37AB0326-2B41-4459-AB37-C491C81C1CAF}.Debug|Any CPU.Build.0 = Debug|Any CPU
		{37AB0326-2B41-4459-AB37-C491C81C1CAF}.Release|Any CPU.ActiveCfg = Release|Any CPU
		{37AB0326-2B41-4459-AB37-C491C81C1CAF}.Release|Any CPU.Build.0 = Release|Any CPU
		{E22B042F-51DA-4455-8429-352E43C29C34}.Debug|Any CPU.ActiveCfg = Debug|Any CPU
		{E22B042F-51DA-4455-8429-352E43C29C34}.Debug|Any CPU.Build.0 = Debug|Any CPU
		{E22B042F-51DA-4455-8429-352E43C29C34}.Release|Any CPU.ActiveCfg = Release|Any CPU
		{E22B042F-51DA-4455-8429-352E43C29C34}.Release|Any CPU.Build.0 = Release|Any CPU
		{0823649D-52C6-49C0-994B-06327398FC7B}.Debug|Any CPU.ActiveCfg = Debug|Any CPU
		{0823649D-52C6-49C0-994B-06327398FC7B}.Debug|Any CPU.Build.0 = Debug|Any CPU
		{0823649D-52C6-49C0-994B-06327398FC7B}.Release|Any CPU.ActiveCfg = Release|Any CPU
		{0823649D-52C6-49C0-994B-06327398FC7B}.Release|Any CPU.Build.0 = Release|Any CPU
		{1BDE038E-6D2E-4D4A-BB9D-3D021467B666}.Debug|Any CPU.ActiveCfg = Debug|Any CPU
		{1BDE038E-6D2E-4D4A-BB9D-3D021467B666}.Debug|Any CPU.Build.0 = Debug|Any CPU
		{1BDE038E-6D2E-4D4A-BB9D-3D021467B666}.Release|Any CPU.ActiveCfg = Release|Any CPU
		{1BDE038E-6D2E-4D4A-BB9D-3D021467B666}.Release|Any CPU.Build.0 = Release|Any CPU
		{DC3DB407-ACAD-495D-85D8-9F8B57647772}.Debug|Any CPU.ActiveCfg = Debug|Any CPU
		{DC3DB407-ACAD-495D-85D8-9F8B57647772}.Debug|Any CPU.Build.0 = Debug|Any CPU
		{DC3DB407-ACAD-495D-85D8-9F8B57647772}.Release|Any CPU.ActiveCfg = Release|Any CPU
		{DC3DB407-ACAD-495D-85D8-9F8B57647772}.Release|Any CPU.Build.0 = Release|Any CPU
	EndGlobalSection
EndGlobal
